
Microsoft Visual Studio Solution File, Format Version 12.00
# Visual Studio Version 17
VisualStudioVersion = 17.7.34031.279
MinimumVisualStudioVersion = 10.0.40219.1
Project("{8BC9CEB8-8B4A-11D0-8D11-00A0C91BC942}") = "Lab13", "Lab13\Lab13.vcxproj", "{ACDA665D-B35D-4428-848F-88D0DB16B0AC}"
EndProject
Global
	GlobalSection(SolutionConfigurationPlatforms) = preSolution
		Debug|x64 = Debug|x64
		Debug|x86 = Debug|x86
		Release|x64 = Release|x64
		Release|x86 = Release|x86
	EndGlobalSection
	GlobalSection(ProjectConfigurationPlatforms) = postSolution
		{ACDA665D-B35D-4428-848F-88D0DB16B0AC}.Debug|x64.ActiveCfg = Debug|x64
		{ACDA665D-B35D-4428-848F-88D0DB16B0AC}.Debug|x64.Build.0 = Debug|x64
		{ACDA665D-B35D-4428-848F-88D0DB16B0AC}.Debug|x86.ActiveCfg = Debug|Win32
		{ACDA665D-B35D-4428-848F-88D0DB16B0AC}.Debug|x86.Build.0 = Debug|Win32
		{ACDA665D-B35D-4428-848F-88D0DB16B0AC}.Release|x64.ActiveCfg = Release|x64
		{ACDA665D-B35D-4428-848F-88D0DB16B0AC}.Release|x64.Build.0 = Release|x64
		{ACDA665D-B35D-4428-848F-88D0DB16B0AC}.Release|x86.ActiveCfg = Release|Win32
		{ACDA665D-B35D-4428-848F-88D0DB16B0AC}.Release|x86.Build.0 = Release|Win32
	EndGlobalSection
	GlobalSection(SolutionProperties) = preSolution
		HideSolutionNode = FALSE
	EndGlobalSection
	GlobalSection(ExtensibilityGlobals) = postSolution
		SolutionGuid = {FF27ACE3-1E14-4B22-9DDA-91F6588E79F9}
	EndGlobalSection
EndGlobal
